
Microsoft Visual Studio Solution File, Format Version 12.00
# Visual Studio 2013
VisualStudioVersion = 12.0.30723.0
MinimumVisualStudioVersion = 10.0.40219.1
Project("{8BC9CEB8-8B4A-11D0-8D11-00A0C91BC942}") = "lab2_task3", "lab2_task3\lab2_task3.vcxproj", "{AFB58650-BC7B-4D9B-A64C-F0867DA0DEE1}"
EndProject
Project("{8BC9CEB8-8B4A-11D0-8D11-00A0C91BC942}") = "lab2Tests", "lab2Tests\lab2Tests.vcxproj", "{1722E0F0-5800-4AB3-86F2-33118C520E4D}"
EndProject
Global
	GlobalSection(SolutionConfigurationPlatforms) = preSolution
		Debug|Win32 = Debug|Win32
		Release|Win32 = Release|Win32
	EndGlobalSection
	GlobalSection(ProjectConfigurationPlatforms) = postSolution
		{AFB58650-BC7B-4D9B-A64C-F0867DA0DEE1}.Debug|Win32.ActiveCfg = Debug|Win32
		{AFB58650-BC7B-4D9B-A64C-F0867DA0DEE1}.Debug|Win32.Build.0 = Debug|Win32
		{AFB58650-BC7B-4D9B-A64C-F0867DA0DEE1}.Release|Win32.ActiveCfg = Release|Win32
		{AFB58650-BC7B-4D9B-A64C-F0867DA0DEE1}.Release|Win32.Build.0 = Release|Win32
		{1722E0F0-5800-4AB3-86F2-33118C520E4D}.Debug|Win32.ActiveCfg = Debug|Win32
		{1722E0F0-5800-4AB3-86F2-33118C520E4D}.Debug|Win32.Build.0 = Debug|Win32
		{1722E0F0-5800-4AB3-86F2-33118C520E4D}.Release|Win32.ActiveCfg = Release|Win32
		{1722E0F0-5800-4AB3-86F2-33118C520E4D}.Release|Win32.Build.0 = Release|Win32
	EndGlobalSection
	GlobalSection(SolutionProperties) = preSolution
		HideSolutionNode = FALSE
	EndGlobalSection
EndGlobal
