
Microsoft Visual Studio Solution File, Format Version 12.00
# Visual Studio 14
VisualStudioVersion = 14.0.25123.0
MinimumVisualStudioVersion = 10.0.40219.1
Project("{8BC9CEB8-8B4A-11D0-8D11-00A0C91BC942}") = "task01", "task01\task01.vcxproj", "{D077ABD7-8B53-4865-8952-B6DC388EEF51}"
EndProject
Project("{8BC9CEB8-8B4A-11D0-8D11-00A0C91BC942}") = "task01_tests", "task01_tests\task01_tests.vcxproj", "{4D0CE575-518B-46E4-82FF-E2C734A42523}"
EndProject
Global
	GlobalSection(SolutionConfigurationPlatforms) = preSolution
		Debug|x64 = Debug|x64
		Debug|x86 = Debug|x86
		Release|x64 = Release|x64
		Release|x86 = Release|x86
	EndGlobalSection
	GlobalSection(ProjectConfigurationPlatforms) = postSolution
		{D077ABD7-8B53-4865-8952-B6DC388EEF51}.Debug|x64.ActiveCfg = Debug|x64
		{D077ABD7-8B53-4865-8952-B6DC388EEF51}.Debug|x64.Build.0 = Debug|x64
		{D077ABD7-8B53-4865-8952-B6DC388EEF51}.Debug|x86.ActiveCfg = Debug|Win32
		{D077ABD7-8B53-4865-8952-B6DC388EEF51}.Debug|x86.Build.0 = Debug|Win32
		{D077ABD7-8B53-4865-8952-B6DC388EEF51}.Release|x64.ActiveCfg = Release|x64
		{D077ABD7-8B53-4865-8952-B6DC388EEF51}.Release|x64.Build.0 = Release|x64
		{D077ABD7-8B53-4865-8952-B6DC388EEF51}.Release|x86.ActiveCfg = Release|Win32
		{D077ABD7-8B53-4865-8952-B6DC388EEF51}.Release|x86.Build.0 = Release|Win32
		{4D0CE575-518B-46E4-82FF-E2C734A42523}.Debug|x64.ActiveCfg = Debug|x64
		{4D0CE575-518B-46E4-82FF-E2C734A42523}.Debug|x64.Build.0 = Debug|x64
		{4D0CE575-518B-46E4-82FF-E2C734A42523}.Debug|x86.ActiveCfg = Debug|Win32
		{4D0CE575-518B-46E4-82FF-E2C734A42523}.Debug|x86.Build.0 = Debug|Win32
		{4D0CE575-518B-46E4-82FF-E2C734A42523}.Release|x64.ActiveCfg = Release|x64
		{4D0CE575-518B-46E4-82FF-E2C734A42523}.Release|x64.Build.0 = Release|x64
		{4D0CE575-518B-46E4-82FF-E2C734A42523}.Release|x86.ActiveCfg = Release|Win32
		{4D0CE575-518B-46E4-82FF-E2C734A42523}.Release|x86.Build.0 = Release|Win32
	EndGlobalSection
	GlobalSection(SolutionProperties) = preSolution
		HideSolutionNode = FALSE
	EndGlobalSection
EndGlobal
